// !$*UTF8*$!
{
	archiveVersion = 1;
	classes = {
	};
	objectVersion = 50;
	objects = {

/* Begin PBXBuildFile section */
		4010296B210B131600FA30FF /* AppDelegate.swift in Sources */ = {isa = PBXBuildFile; fileRef = 4010296A210B131600FA30FF /* AppDelegate.swift */; };
		4010296D210B131600FA30FF /* ViewController.swift in Sources */ = {isa = PBXBuildFile; fileRef = 4010296C210B131600FA30FF /* ViewController.swift */; };
		40102970210B131600FA30FF /* Main.storyboard in Resources */ = {isa = PBXBuildFile; fileRef = 4010296E210B131600FA30FF /* Main.storyboard */; };
		40102972210B131C00FA30FF /* Assets.xcassets in Resources */ = {isa = PBXBuildFile; fileRef = 40102971210B131C00FA30FF /* Assets.xcassets */; };
		40102975210B131C00FA30FF /* LaunchScreen.storyboard in Resources */ = {isa = PBXBuildFile; fileRef = 40102973210B131C00FA30FF /* LaunchScreen.storyboard */; };
		4010298C210C8F5600FA30FF /* NSDate+TEAExtensions.m in Sources */ = {isa = PBXBuildFile; fileRef = 40102981210C8F5600FA30FF /* NSDate+TEAExtensions.m */; };
		4010298D210C8F5600FA30FF /* TEABarChart.m in Sources */ = {isa = PBXBuildFile; fileRef = 40102982210C8F5600FA30FF /* TEABarChart.m */; };
		4010298E210C8F5600FA30FF /* TEAClockChart.m in Sources */ = {isa = PBXBuildFile; fileRef = 40102983210C8F5600FA30FF /* TEAClockChart.m */; };
		4010298F210C8F5600FA30FF /* TEATimeRange.m in Sources */ = {isa = PBXBuildFile; fileRef = 40102988210C8F5600FA30FF /* TEATimeRange.m */; };
		40102990210C8F5600FA30FF /* TEAContributionGraph.m in Sources */ = {isa = PBXBuildFile; fileRef = 4010298A210C8F5600FA30FF /* TEAContributionGraph.m */; };
		40102991210C8F5600FA30FF /* Info.plist in Resources */ = {isa = PBXBuildFile; fileRef = 4010298B210C8F5600FA30FF /* Info.plist */; };
		40102994210C90AD00FA30FF /* BarChart.swift in Sources */ = {isa = PBXBuildFile; fileRef = 40102993210C90AD00FA30FF /* BarChart.swift */; };
		40102996210C922D00FA30FF /* ClockChart.swift in Sources */ = {isa = PBXBuildFile; fileRef = 40102995210C922D00FA30FF /* ClockChart.swift */; };
		40102998210C925C00FA30FF /* ContributionGraph.swift in Sources */ = {isa = PBXBuildFile; fileRef = 40102997210C925C00FA30FF /* ContributionGraph.swift */; };
/* End PBXBuildFile section */

/* Begin PBXFileReference section */
		40102967210B131600FA30FF /* ChartKit-Swift.app */ = {isa = PBXFileReference; explicitFileType = wrapper.application; includeInIndex = 0; path = "ChartKit-Swift.app"; sourceTree = BUILT_PRODUCTS_DIR; };
		4010296A210B131600FA30FF /* AppDelegate.swift */ = {isa = PBXFileReference; lastKnownFileType = sourcecode.swift; path = AppDelegate.swift; sourceTree = "<group>"; };
		4010296C210B131600FA30FF /* ViewController.swift */ = {isa = PBXFileReference; lastKnownFileType = sourcecode.swift; path = ViewController.swift; sourceTree = "<group>"; };
		4010296F210B131600FA30FF /* Base */ = {isa = PBXFileReference; lastKnownFileType = file.storyboard; name = Base; path = Base.lproj/Main.storyboard; sourceTree = "<group>"; };
		40102971210B131C00FA30FF /* Assets.xcassets */ = {isa = PBXFileReference; lastKnownFileType = folder.assetcatalog; path = Assets.xcassets; sourceTree = "<group>"; };
		40102974210B131C00FA30FF /* Base */ = {isa = PBXFileReference; lastKnownFileType = file.storyboard; name = Base; path = Base.lproj/LaunchScreen.storyboard; sourceTree = "<group>"; };
		40102976210B131C00FA30FF /* Info.plist */ = {isa = PBXFileReference; lastKnownFileType = text.plist.xml; path = Info.plist; sourceTree = "<group>"; };
		40102980210C8F5600FA30FF /* TEAChart.h */ = {isa = PBXFileReference; fileEncoding = 4; lastKnownFileType = sourcecode.c.h; path = TEAChart.h; sourceTree = "<group>"; };
		40102981210C8F5600FA30FF /* NSDate+TEAExtensions.m */ = {isa = PBXFileReference; fileEncoding = 4; lastKnownFileType = sourcecode.c.objc; path = "NSDate+TEAExtensions.m"; sourceTree = "<group>"; };
		40102982210C8F5600FA30FF /* TEABarChart.m */ = {isa = PBXFileReference; fileEncoding = 4; lastKnownFileType = sourcecode.c.objc; path = TEABarChart.m; sourceTree = "<group>"; };
		40102983210C8F5600FA30FF /* TEAClockChart.m */ = {isa = PBXFileReference; fileEncoding = 4; lastKnownFileType = sourcecode.c.objc; path = TEAClockChart.m; sourceTree = "<group>"; };
		40102984210C8F5600FA30FF /* TEATimeRange.h */ = {isa = PBXFileReference; fileEncoding = 4; lastKnownFileType = sourcecode.c.h; path = TEATimeRange.h; sourceTree = "<group>"; };
		40102985210C8F5600FA30FF /* TEAContributionGraph.h */ = {isa = PBXFileReference; fileEncoding = 4; lastKnownFileType = sourcecode.c.h; path = TEAContributionGraph.h; sourceTree = "<group>"; };
		40102986210C8F5600FA30FF /* NSDate+TEAExtensions.h */ = {isa = PBXFileReference; fileEncoding = 4; lastKnownFileType = sourcecode.c.h; path = "NSDate+TEAExtensions.h"; sourceTree = "<group>"; };
		40102987210C8F5600FA30FF /* TEABarChart.h */ = {isa = PBXFileReference; fileEncoding = 4; lastKnownFileType = sourcecode.c.h; path = TEABarChart.h; sourceTree = "<group>"; };
		40102988210C8F5600FA30FF /* TEATimeRange.m */ = {isa = PBXFileReference; fileEncoding = 4; lastKnownFileType = sourcecode.c.objc; path = TEATimeRange.m; sourceTree = "<group>"; };
		40102989210C8F5600FA30FF /* TEAClockChart.h */ = {isa = PBXFileReference; fileEncoding = 4; lastKnownFileType = sourcecode.c.h; path = TEAClockChart.h; sourceTree = "<group>"; };
		4010298A210C8F5600FA30FF /* TEAContributionGraph.m */ = {isa = PBXFileReference; fileEncoding = 4; lastKnownFileType = sourcecode.c.objc; path = TEAContributionGraph.m; sourceTree = "<group>"; };
		4010298B210C8F5600FA30FF /* Info.plist */ = {isa = PBXFileReference; fileEncoding = 4; lastKnownFileType = text.plist.xml; path = Info.plist; sourceTree = "<group>"; };
		40102993210C90AD00FA30FF /* BarChart.swift */ = {isa = PBXFileReference; lastKnownFileType = sourcecode.swift; path = BarChart.swift; sourceTree = "<group>"; };
		40102995210C922D00FA30FF /* ClockChart.swift */ = {isa = PBXFileReference; lastKnownFileType = sourcecode.swift; path = ClockChart.swift; sourceTree = "<group>"; };
		40102997210C925C00FA30FF /* ContributionGraph.swift */ = {isa = PBXFileReference; lastKnownFileType = sourcecode.swift; path = ContributionGraph.swift; sourceTree = "<group>"; };
/* End PBXFileReference section */

/* Begin PBXFrameworksBuildPhase section */
		40102964210B131600FA30FF /* Frameworks */ = {
			isa = PBXFrameworksBuildPhase;
			buildActionMask = 2147483647;
			files = (
			);
			runOnlyForDeploymentPostprocessing = 0;
		};
/* End PBXFrameworksBuildPhase section */

/* Begin PBXGroup section */
		4010295E210B131600FA30FF = {
			isa = PBXGroup;
			children = (
				40102969210B131600FA30FF /* ChartKit-Swift */,
				40102968210B131600FA30FF /* Products */,
			);
			sourceTree = "<group>";
		};
		40102968210B131600FA30FF /* Products */ = {
			isa = PBXGroup;
			children = (
				40102967210B131600FA30FF /* ChartKit-Swift.app */,
			);
			name = Products;
			sourceTree = "<group>";
		};
		40102969210B131600FA30FF /* ChartKit-Swift */ = {
			isa = PBXGroup;
			children = (
				40102992210C903900FA30FF /* ChartKit */,
				4010296A210B131600FA30FF /* AppDelegate.swift */,
				4010297F210C8F5600FA30FF /* JSChart */,
				4010297E210C8A8900FA30FF /* ViewControllers */,
				4010297C210C8A0600FA30FF /* Storyboards */,
				4010297D210C8A2F00FA30FF /* Assests */,
			);
			path = "ChartKit-Swift";
			sourceTree = "<group>";
		};
		4010297C210C8A0600FA30FF /* Storyboards */ = {
			isa = PBXGroup;
			children = (
				4010296E210B131600FA30FF /* Main.storyboard */,
				40102973210B131C00FA30FF /* LaunchScreen.storyboard */,
			);
			path = Storyboards;
			sourceTree = "<group>";
		};
		4010297D210C8A2F00FA30FF /* Assests */ = {
			isa = PBXGroup;
			children = (
				40102971210B131C00FA30FF /* Assets.xcassets */,
				40102976210B131C00FA30FF /* Info.plist */,
			);
			path = Assests;
			sourceTree = "<group>";
		};
		4010297E210C8A8900FA30FF /* ViewControllers */ = {
			isa = PBXGroup;
			children = (
				4010296C210B131600FA30FF /* ViewController.swift */,
			);
			path = ViewControllers;
			sourceTree = "<group>";
		};
		4010297F210C8F5600FA30FF /* JSChart */ = {
			isa = PBXGroup;
			children = (
				40102980210C8F5600FA30FF /* TEAChart.h */,
				40102981210C8F5600FA30FF /* NSDate+TEAExtensions.m */,
				40102982210C8F5600FA30FF /* TEABarChart.m */,
				40102983210C8F5600FA30FF /* TEAClockChart.m */,
				40102984210C8F5600FA30FF /* TEATimeRange.h */,
				40102985210C8F5600FA30FF /* TEAContributionGraph.h */,
				40102986210C8F5600FA30FF /* NSDate+TEAExtensions.h */,
				40102987210C8F5600FA30FF /* TEABarChart.h */,
				40102988210C8F5600FA30FF /* TEATimeRange.m */,
				40102989210C8F5600FA30FF /* TEAClockChart.h */,
				4010298A210C8F5600FA30FF /* TEAContributionGraph.m */,
				4010298B210C8F5600FA30FF /* Info.plist */,
			);
			path = JSChart;
			sourceTree = "<group>";
		};
		40102992210C903900FA30FF /* ChartKit */ = {
			isa = PBXGroup;
			children = (
				40102993210C90AD00FA30FF /* BarChart.swift */,
				40102995210C922D00FA30FF /* ClockChart.swift */,
				40102997210C925C00FA30FF /* ContributionGraph.swift */,
			);
			path = ChartKit;
			sourceTree = "<group>";
		};
/* End PBXGroup section */

/* Begin PBXNativeTarget section */
		40102966210B131600FA30FF /* ChartKit-Swift */ = {
			isa = PBXNativeTarget;
			buildConfigurationList = 40102979210B131C00FA30FF /* Build configuration list for PBXNativeTarget "ChartKit-Swift" */;
			buildPhases = (
				40102963210B131600FA30FF /* Sources */,
				40102964210B131600FA30FF /* Frameworks */,
				40102965210B131600FA30FF /* Resources */,
			);
			buildRules = (
			);
			dependencies = (
			);
			name = "ChartKit-Swift";
			productName = "ChartKit-Swift";
			productReference = 40102967210B131600FA30FF /* ChartKit-Swift.app */;
			productType = "com.apple.product-type.application";
		};
/* End PBXNativeTarget section */

/* Begin PBXProject section */
		4010295F210B131600FA30FF /* Project object */ = {
			isa = PBXProject;
			attributes = {
				LastSwiftUpdateCheck = 0940;
				LastUpgradeCheck = 0940;
				ORGANIZATIONNAME = "Jogendra Singh";
				TargetAttributes = {
					40102966210B131600FA30FF = {
						CreatedOnToolsVersion = 9.4.1;
					};
				};
			};
			buildConfigurationList = 40102962210B131600FA30FF /* Build configuration list for PBXProject "ChartKit-Swift" */;
			compatibilityVersion = "Xcode 9.3";
			developmentRegion = en;
			hasScannedForEncodings = 0;
			knownRegions = (
				en,
				Base,
			);
			mainGroup = 4010295E210B131600FA30FF;
			productRefGroup = 40102968210B131600FA30FF /* Products */;
			projectDirPath = "";
			projectRoot = "";
			targets = (
				40102966210B131600FA30FF /* ChartKit-Swift */,
			);
		};
/* End PBXProject section */

/* Begin PBXResourcesBuildPhase section */
		40102965210B131600FA30FF /* Resources */ = {
			isa = PBXResourcesBuildPhase;
			buildActionMask = 2147483647;
			files = (
				40102991210C8F5600FA30FF /* Info.plist in Resources */,
				40102975210B131C00FA30FF /* LaunchScreen.storyboard in Resources */,
				40102972210B131C00FA30FF /* Assets.xcassets in Resources */,
				40102970210B131600FA30FF /* Main.storyboard in Resources */,
			);
			runOnlyForDeploymentPostprocessing = 0;
		};
/* End PBXResourcesBuildPhase section */

/* Begin PBXSourcesBuildPhase section */
		40102963210B131600FA30FF /* Sources */ = {
			isa = PBXSourcesBuildPhase;
			buildActionMask = 2147483647;
			files = (
				40102994210C90AD00FA30FF /* BarChart.swift in Sources */,
				4010298C210C8F5600FA30FF /* NSDate+TEAExtensions.m in Sources */,
				4010298F210C8F5600FA30FF /* TEATimeRange.m in Sources */,
				40102990210C8F5600FA30FF /* TEAContributionGraph.m in Sources */,
				4010298D210C8F5600FA30FF /* TEABarChart.m in Sources */,
				4010296D210B131600FA30FF /* ViewController.swift in Sources */,
				40102998210C925C00FA30FF /* ContributionGraph.swift in Sources */,
				4010298E210C8F5600FA30FF /* TEAClockChart.m in Sources */,
				40102996210C922D00FA30FF /* ClockChart.swift in Sources */,
				4010296B210B131600FA30FF /* AppDelegate.swift in Sources */,
			);
			runOnlyForDeploymentPostprocessing = 0;
		};
/* End PBXSourcesBuildPhase section */

/* Begin PBXVariantGroup section */
		4010296E210B131600FA30FF /* Main.storyboard */ = {
			isa = PBXVariantGroup;
			children = (
				4010296F210B131600FA30FF /* Base */,
			);
			name = Main.storyboard;
			sourceTree = "<group>";
		};
		40102973210B131C00FA30FF /* LaunchScreen.storyboard */ = {
			isa = PBXVariantGroup;
			children = (
				40102974210B131C00FA30FF /* Base */,
			);
			name = LaunchScreen.storyboard;
			sourceTree = "<group>";
		};
/* End PBXVariantGroup section */

/* Begin XCBuildConfiguration section */
		40102977210B131C00FA30FF /* Debug */ = {
			isa = XCBuildConfiguration;
			buildSettings = {
				ALWAYS_SEARCH_USER_PATHS = NO;
				CLANG_ANALYZER_NONNULL = YES;
				CLANG_ANALYZER_NUMBER_OBJECT_CONVERSION = YES_AGGRESSIVE;
				CLANG_CXX_LANGUAGE_STANDARD = "gnu++14";
				CLANG_CXX_LIBRARY = "libc++";
				CLANG_ENABLE_MODULES = YES;
				CLANG_ENABLE_OBJC_ARC = YES;
				CLANG_ENABLE_OBJC_WEAK = YES;
				CLANG_WARN_BLOCK_CAPTURE_AUTORELEASING = YES;
				CLANG_WARN_BOOL_CONVERSION = YES;
				CLANG_WARN_COMMA = YES;
				CLANG_WARN_CONSTANT_CONVERSION = YES;
				CLANG_WARN_DEPRECATED_OBJC_IMPLEMENTATIONS = YES;
				CLANG_WARN_DIRECT_OBJC_ISA_USAGE = YES_ERROR;
				CLANG_WARN_DOCUMENTATION_COMMENTS = YES;
				CLANG_WARN_EMPTY_BODY = YES;
				CLANG_WARN_ENUM_CONVERSION = YES;
				CLANG_WARN_INFINITE_RECURSION = YES;
				CLANG_WARN_INT_CONVERSION = YES;
				CLANG_WARN_NON_LITERAL_NULL_CONVERSION = YES;
				CLANG_WARN_OBJC_IMPLICIT_RETAIN_SELF = YES;
				CLANG_WARN_OBJC_LITERAL_CONVERSION = YES;
				CLANG_WARN_OBJC_ROOT_CLASS = YES_ERROR;
				CLANG_WARN_RANGE_LOOP_ANALYSIS = YES;
				CLANG_WARN_STRICT_PROTOTYPES = YES;
				CLANG_WARN_SUSPICIOUS_MOVE = YES;
				CLANG_WARN_UNGUARDED_AVAILABILITY = YES_AGGRESSIVE;
				CLANG_WARN_UNREACHABLE_CODE = YES;
				CLANG_WARN__DUPLICATE_METHOD_MATCH = YES;
				CODE_SIGN_IDENTITY = "iPhone Developer";
				COPY_PHASE_STRIP = NO;
				DEBUG_INFORMATION_FORMAT = dwarf;
				ENABLE_STRICT_OBJC_MSGSEND = YES;
				ENABLE_TESTABILITY = YES;
				GCC_C_LANGUAGE_STANDARD = gnu11;
				GCC_DYNAMIC_NO_PIC = NO;
				GCC_NO_COMMON_BLOCKS = YES;
				GCC_OPTIMIZATION_LEVEL = 0;
				GCC_PREPROCESSOR_DEFINITIONS = (
					"DEBUG=1",
					"$(inherited)",
				);
				GCC_WARN_64_TO_32_BIT_CONVERSION = YES;
				GCC_WARN_ABOUT_RETURN_TYPE = YES_ERROR;
				GCC_WARN_UNDECLARED_SELECTOR = YES;
				GCC_WARN_UNINITIALIZED_AUTOS = YES_AGGRESSIVE;
				GCC_WARN_UNUSED_FUNCTION = YES;
				GCC_WARN_UNUSED_VARIABLE = YES;
				IPHONEOS_DEPLOYMENT_TARGET = 11.4;
				MTL_ENABLE_DEBUG_INFO = YES;
				ONLY_ACTIVE_ARCH = YES;
				SDKROOT = iphoneos;
				SWIFT_ACTIVE_COMPILATION_CONDITIONS = DEBUG;
				SWIFT_OPTIMIZATION_LEVEL = "-Onone";
			};
			name = Debug;
		};
		40102978210B131C00FA30FF /* Release */ = {
			isa = XCBuildConfiguration;
			buildSettings = {
				ALWAYS_SEARCH_USER_PATHS = NO;
				CLANG_ANALYZER_NONNULL = YES;
				CLANG_ANALYZER_NUMBER_OBJECT_CONVERSION = YES_AGGRESSIVE;
				CLANG_CXX_LANGUAGE_STANDARD = "gnu++14";
				CLANG_CXX_LIBRARY = "libc++";
				CLANG_ENABLE_MODULES = YES;
				CLANG_ENABLE_OBJC_ARC = YES;
				CLANG_ENABLE_OBJC_WEAK = YES;
				CLANG_WARN_BLOCK_CAPTURE_AUTORELEASING = YES;
				CLANG_WARN_BOOL_CONVERSION = YES;
				CLANG_WARN_COMMA = YES;
				CLANG_WARN_CONSTANT_CONVERSION = YES;
				CLANG_WARN_DEPRECATED_OBJC_IMPLEMENTATIONS = YES;
				CLANG_WARN_DIRECT_OBJC_ISA_USAGE = YES_ERROR;
				CLANG_WARN_DOCUMENTATION_COMMENTS = YES;
				CLANG_WARN_EMPTY_BODY = YES;
				CLANG_WARN_ENUM_CONVERSION = YES;
				CLANG_WARN_INFINITE_RECURSION = YES;
				CLANG_WARN_INT_CONVERSION = YES;
				CLANG_WARN_NON_LITERAL_NULL_CONVERSION = YES;
				CLANG_WARN_OBJC_IMPLICIT_RETAIN_SELF = YES;
				CLANG_WARN_OBJC_LITERAL_CONVERSION = YES;
				CLANG_WARN_OBJC_ROOT_CLASS = YES_ERROR;
				CLANG_WARN_RANGE_LOOP_ANALYSIS = YES;
				CLANG_WARN_STRICT_PROTOTYPES = YES;
				CLANG_WARN_SUSPICIOUS_MOVE = YES;
				CLANG_WARN_UNGUARDED_AVAILABILITY = YES_AGGRESSIVE;
				CLANG_WARN_UNREACHABLE_CODE = YES;
				CLANG_WARN__DUPLICATE_METHOD_MATCH = YES;
				CODE_SIGN_IDENTITY = "iPhone Developer";
				COPY_PHASE_STRIP = NO;
				DEBUG_INFORMATION_FORMAT = "dwarf-with-dsym";
				ENABLE_NS_ASSERTIONS = NO;
				ENABLE_STRICT_OBJC_MSGSEND = YES;
				GCC_C_LANGUAGE_STANDARD = gnu11;
				GCC_NO_COMMON_BLOCKS = YES;
				GCC_WARN_64_TO_32_BIT_CONVERSION = YES;
				GCC_WARN_ABOUT_RETURN_TYPE = YES_ERROR;
				GCC_WARN_UNDECLARED_SELECTOR = YES;
				GCC_WARN_UNINITIALIZED_AUTOS = YES_AGGRESSIVE;
				GCC_WARN_UNUSED_FUNCTION = YES;
				GCC_WARN_UNUSED_VARIABLE = YES;
				IPHONEOS_DEPLOYMENT_TARGET = 11.4;
				MTL_ENABLE_DEBUG_INFO = NO;
				SDKROOT = iphoneos;
				SWIFT_COMPILATION_MODE = wholemodule;
				SWIFT_OPTIMIZATION_LEVEL = "-O";
				VALIDATE_PRODUCT = YES;
			};
			name = Release;
		};
		4010297A210B131C00FA30FF /* Debug */ = {
			isa = XCBuildConfiguration;
			buildSettings = {
				ASSETCATALOG_COMPILER_APPICON_NAME = AppIcon;
				CODE_SIGN_STYLE = Automatic;
				DEVELOPMENT_TEAM = 7P4K4M8A4Q;
				INFOPLIST_FILE = "ChartKit-Swift/Info.plist";
				LD_RUNPATH_SEARCH_PATHS = (
					"$(inherited)",
					"@executable_path/Frameworks",
				);
				PRODUCT_BUNDLE_IDENTIFIER = "jog.ChartKit-Swift";
				PRODUCT_NAME = "$(TARGET_NAME)";
				SWIFT_VERSION = 4.0;
				TARGETED_DEVICE_FAMILY = "1,2";
			};
			name = Debug;
		};
		4010297B210B131C00FA30FF /* Release */ = {
			isa = XCBuildConfiguration;
			buildSettings = {
				ASSETCATALOG_COMPILER_APPICON_NAME = AppIcon;
				CODE_SIGN_STYLE = Automatic;
				DEVELOPMENT_TEAM = 7P4K4M8A4Q;
				INFOPLIST_FILE = "ChartKit-Swift/Info.plist";
				LD_RUNPATH_SEARCH_PATHS = (
					"$(inherited)",
					"@executable_path/Frameworks",
				);
				PRODUCT_BUNDLE_IDENTIFIER = "jog.ChartKit-Swift";
				PRODUCT_NAME = "$(TARGET_NAME)";
				SWIFT_VERSION = 4.0;
				TARGETED_DEVICE_FAMILY = "1,2";
			};
			name = Release;
		};
/* End XCBuildConfiguration section */

/* Begin XCConfigurationList section */
		40102962210B131600FA30FF /* Build configuration list for PBXProject "ChartKit-Swift" */ = {
			isa = XCConfigurationList;
			buildConfigurations = (
				40102977210B131C00FA30FF /* Debug */,
				40102978210B131C00FA30FF /* Release */,
			);
			defaultConfigurationIsVisible = 0;
			defaultConfigurationName = Release;
		};
		40102979210B131C00FA30FF /* Build configuration list for PBXNativeTarget "ChartKit-Swift" */ = {
			isa = XCConfigurationList;
			buildConfigurations = (
				4010297A210B131C00FA30FF /* Debug */,
				4010297B210B131C00FA30FF /* Release */,
			);
			defaultConfigurationIsVisible = 0;
			defaultConfigurationName = Release;
		};
/* End XCConfigurationList section */
	};
	rootObject = 4010295F210B131600FA30FF /* Project object */;
}
